
Microsoft Visual Studio Solution File, Format Version 12.00
# Visual Studio Version 16
VisualStudioVersion = 16.0.30611.23
MinimumVisualStudioVersion = 10.0.40219.1
Project("{FAE04EC0-301F-11D3-BF4B-00C04F79EFBC}") = "The Courage of a Warrior", "The Courage of a Warrior.csproj", "{C63D2066-D97B-4669-825E-AF5280A2830C}"
EndProject
Global
	GlobalSection(SolutionConfigurationPlatforms) = preSolution
		Debug|Any CPU = Debug|Any CPU
		Release|Any CPU = Release|Any CPU
	EndGlobalSection
	GlobalSection(ProjectConfigurationPlatforms) = postSolution
		{C63D2066-D97B-4669-825E-AF5280A2830C}.Debug|Any CPU.ActiveCfg = Debug|Any CPU
		{C63D2066-D97B-4669-825E-AF5280A2830C}.Debug|Any CPU.Build.0 = Debug|Any CPU
		{C63D2066-D97B-4669-825E-AF5280A2830C}.Release|Any CPU.ActiveCfg = Release|Any CPU
		{C63D2066-D97B-4669-825E-AF5280A2830C}.Release|Any CPU.Build.0 = Release|Any CPU
	EndGlobalSection
	GlobalSection(SolutionProperties) = preSolution
		HideSolutionNode = FALSE
	EndGlobalSection
	GlobalSection(ExtensibilityGlobals) = postSolution
		SolutionGuid = {E6A8AD5F-38BE-4D32-8D48-31AA5F10B662}
	EndGlobalSection
EndGlobal
